
Microsoft Visual Studio Solution File, Format Version 12.00
# Visual Studio Version 17
VisualStudioVersion = 17.6.33815.320
MinimumVisualStudioVersion = 10.0.40219.1
Project("{9A19103F-16F7-4668-BE54-9A1E7A4F7556}") = "EnigMouseSendMaster", "EnigMouseSendMaster\EnigMouseSendMaster.csproj", "{5A77BC87-5B39-488D-887C-7E13189C70C8}"
EndProject
Global
	GlobalSection(SolutionConfigurationPlatforms) = preSolution
		Debug|x64 = Debug|x64
		Release|x64 = Release|x64
	EndGlobalSection
	GlobalSection(ProjectConfigurationPlatforms) = postSolution
		{5A77BC87-5B39-488D-887C-7E13189C70C8}.Debug|x64.ActiveCfg = Debug|Any CPU
		{5A77BC87-5B39-488D-887C-7E13189C70C8}.Debug|x64.Build.0 = Debug|Any CPU
		{5A77BC87-5B39-488D-887C-7E13189C70C8}.Release|x64.ActiveCfg = Release|Any CPU
		{5A77BC87-5B39-488D-887C-7E13189C70C8}.Release|x64.Build.0 = Release|Any CPU
	EndGlobalSection
	GlobalSection(SolutionProperties) = preSolution
		HideSolutionNode = FALSE
	EndGlobalSection
	GlobalSection(ExtensibilityGlobals) = postSolution
		SolutionGuid = {F99B9928-C74E-4A2D-881F-3E6A27F90EDB}
	EndGlobalSection
EndGlobal
